// !$*UTF8*$!
{
	archiveVersion = 1;
	classes = {
	};
	objectVersion = 55;
	objects = {

/* Begin PBXBuildFile section */
		B76CBED2286546FB006B757E /* User.swift in Sources */ = {isa = PBXBuildFile; fileRef = B76CBED1286546FB006B757E /* User.swift */; };
		B76CBED4286589F8006B757E /* TabBarController.swift in Sources */ = {isa = PBXBuildFile; fileRef = B76CBED3286589F8006B757E /* TabBarController.swift */; };
		B76CBED928658B87006B757E /* FeedViewController.swift in Sources */ = {isa = PBXBuildFile; fileRef = B76CBED828658B87006B757E /* FeedViewController.swift */; };
		B76CBEDB28658B8E006B757E /* ShopViewController.swift in Sources */ = {isa = PBXBuildFile; fileRef = B76CBEDA28658B8E006B757E /* ShopViewController.swift */; };
		B76CBEDD28658B95006B757E /* ProfileViewController.swift in Sources */ = {isa = PBXBuildFile; fileRef = B76CBEDC28658B95006B757E /* ProfileViewController.swift */; };
		B76CBEE128693A15006B757E /* StoryTableViewCell.swift in Sources */ = {isa = PBXBuildFile; fileRef = B76CBEDF28693A15006B757E /* StoryTableViewCell.swift */; };
		B76CBEE228693A15006B757E /* StoryTableViewCell.xib in Resources */ = {isa = PBXBuildFile; fileRef = B76CBEE028693A15006B757E /* StoryTableViewCell.xib */; };
		B76CBEE728693A31006B757E /* FeedTableViewCell.swift in Sources */ = {isa = PBXBuildFile; fileRef = B76CBEE528693A31006B757E /* FeedTableViewCell.swift */; };
		B76CBEE828693A31006B757E /* FeedTableViewCell.xib in Resources */ = {isa = PBXBuildFile; fileRef = B76CBEE628693A31006B757E /* FeedTableViewCell.xib */; };
		B76CBEEB286950E6006B757E /* Kingfisher in Frameworks */ = {isa = PBXBuildFile; productRef = B76CBEEA286950E6006B757E /* Kingfisher */; };
		B76CBEEE286956F8006B757E /* StoryCollectionViewCell.swift in Sources */ = {isa = PBXBuildFile; fileRef = B76CBEEC286956F8006B757E /* StoryCollectionViewCell.swift */; };
		B76CBEEF286956F8006B757E /* StoryCollectionViewCell.xib in Resources */ = {isa = PBXBuildFile; fileRef = B76CBEED286956F8006B757E /* StoryCollectionViewCell.xib */; };
		B7A7473F2860A75700120FB1 /* AppDelegate.swift in Sources */ = {isa = PBXBuildFile; fileRef = B7A7473E2860A75700120FB1 /* AppDelegate.swift */; };
		B7A747412860A75700120FB1 /* SceneDelegate.swift in Sources */ = {isa = PBXBuildFile; fileRef = B7A747402860A75700120FB1 /* SceneDelegate.swift */; };
		B7A747462860A75700120FB1 /* Main.storyboard in Resources */ = {isa = PBXBuildFile; fileRef = B7A747442860A75700120FB1 /* Main.storyboard */; };
		B7A747482860A75800120FB1 /* Assets.xcassets in Resources */ = {isa = PBXBuildFile; fileRef = B7A747472860A75800120FB1 /* Assets.xcassets */; };
		B7A7474B2860A75800120FB1 /* LaunchScreen.storyboard in Resources */ = {isa = PBXBuildFile; fileRef = B7A747492860A75800120FB1 /* LaunchScreen.storyboard */; };
		B7A747562860A75800120FB1 /* instagramCloneTests.swift in Sources */ = {isa = PBXBuildFile; fileRef = B7A747552860A75800120FB1 /* instagramCloneTests.swift */; };
		B7A747602860A75800120FB1 /* instagramCloneUITests.swift in Sources */ = {isa = PBXBuildFile; fileRef = B7A7475F2860A75800120FB1 /* instagramCloneUITests.swift */; };
		B7A747622860A75800120FB1 /* instagramCloneUITestsLaunchTests.swift in Sources */ = {isa = PBXBuildFile; fileRef = B7A747612860A75800120FB1 /* instagramCloneUITestsLaunchTests.swift */; };
		B7A747722860B84E00120FB1 /* EnterIdViewController.swift in Sources */ = {isa = PBXBuildFile; fileRef = B7A747712860B84E00120FB1 /* EnterIdViewController.swift */; };
		B7A747742860B85A00120FB1 /* EnterPwViewController.swift in Sources */ = {isa = PBXBuildFile; fileRef = B7A747732860B85A00120FB1 /* EnterPwViewController.swift */; };
		B7A747762860B87100120FB1 /* EnterPhoneOrEmailViewController.swift in Sources */ = {isa = PBXBuildFile; fileRef = B7A747752860B87100120FB1 /* EnterPhoneOrEmailViewController.swift */; };
		B7A7477A2860B98A00120FB1 /* LoginViewController.swift in Sources */ = {isa = PBXBuildFile; fileRef = B7A747792860B98A00120FB1 /* LoginViewController.swift */; };
		B7B859B72861FAE200A01AE1 /* String+Validate.swift in Sources */ = {isa = PBXBuildFile; fileRef = B7B859B62861FAE200A01AE1 /* String+Validate.swift */; };
		B7B859B92862177600A01AE1 /* Helper.swift in Sources */ = {isa = PBXBuildFile; fileRef = B7B859B82862177600A01AE1 /* Helper.swift */; };
		B7BF21F92868A7E500BAD397 /* Alamofire in Frameworks */ = {isa = PBXBuildFile; productRef = B7BF21F82868A7E500BAD397 /* Alamofire */; };
		B7BF21FC2868AA2900BAD397 /* FeedService.swift in Sources */ = {isa = PBXBuildFile; fileRef = B7BF21FB2868AA2900BAD397 /* FeedService.swift */; };
		B7BF21FE2868AC5000BAD397 /* FeedInput.swift in Sources */ = {isa = PBXBuildFile; fileRef = B7BF21FD2868AC5000BAD397 /* FeedInput.swift */; };
		B7BF22002868AC5700BAD397 /* Feed.swift in Sources */ = {isa = PBXBuildFile; fileRef = B7BF21FF2868AC5700BAD397 /* Feed.swift */; };
		B7EA91DE28699CD900717A06 /* ProfileCollectionViewCell.swift in Sources */ = {isa = PBXBuildFile; fileRef = B7EA91DC28699CD900717A06 /* ProfileCollectionViewCell.swift */; };
		B7EA91DF28699CD900717A06 /* ProfileCollectionViewCell.xib in Resources */ = {isa = PBXBuildFile; fileRef = B7EA91DD28699CD900717A06 /* ProfileCollectionViewCell.xib */; };
		B7EA91E328699CF700717A06 /* ProfileCollectionReusableView.swift in Sources */ = {isa = PBXBuildFile; fileRef = B7EA91E128699CF700717A06 /* ProfileCollectionReusableView.swift */; };
		B7EA91E428699CF700717A06 /* ProfileCollectionReusableView.xib in Resources */ = {isa = PBXBuildFile; fileRef = B7EA91E228699CF700717A06 /* ProfileCollectionReusableView.xib */; };
/* End PBXBuildFile section */

/* Begin PBXContainerItemProxy section */
		B7A747522860A75800120FB1 /* PBXContainerItemProxy */ = {
			isa = PBXContainerItemProxy;
			containerPortal = B7A747332860A75700120FB1 /* Project object */;
			proxyType = 1;
			remoteGlobalIDString = B7A7473A2860A75700120FB1;
			remoteInfo = instagramClone;
		};
		B7A7475C2860A75800120FB1 /* PBXContainerItemProxy */ = {
			isa = PBXContainerItemProxy;
			containerPortal = B7A747332860A75700120FB1 /* Project object */;
			proxyType = 1;
			remoteGlobalIDString = B7A7473A2860A75700120FB1;
			remoteInfo = instagramClone;
		};
/* End PBXContainerItemProxy section */

/* Begin PBXFileReference section */
		B76CBED1286546FB006B757E /* User.swift */ = {isa = PBXFileReference; lastKnownFileType = sourcecode.swift; path = User.swift; sourceTree = "<group>"; };
		B76CBED3286589F8006B757E /* TabBarController.swift */ = {isa = PBXFileReference; lastKnownFileType = sourcecode.swift; path = TabBarController.swift; sourceTree = "<group>"; };
		B76CBED828658B87006B757E /* FeedViewController.swift */ = {isa = PBXFileReference; lastKnownFileType = sourcecode.swift; path = FeedViewController.swift; sourceTree = "<group>"; };
		B76CBEDA28658B8E006B757E /* ShopViewController.swift */ = {isa = PBXFileReference; lastKnownFileType = sourcecode.swift; path = ShopViewController.swift; sourceTree = "<group>"; };
		B76CBEDC28658B95006B757E /* ProfileViewController.swift */ = {isa = PBXFileReference; lastKnownFileType = sourcecode.swift; path = ProfileViewController.swift; sourceTree = "<group>"; };
		B76CBEDF28693A15006B757E /* StoryTableViewCell.swift */ = {isa = PBXFileReference; lastKnownFileType = sourcecode.swift; path = StoryTableViewCell.swift; sourceTree = "<group>"; };
		B76CBEE028693A15006B757E /* StoryTableViewCell.xib */ = {isa = PBXFileReference; lastKnownFileType = file.xib; path = StoryTableViewCell.xib; sourceTree = "<group>"; };
		B76CBEE528693A31006B757E /* FeedTableViewCell.swift */ = {isa = PBXFileReference; lastKnownFileType = sourcecode.swift; path = FeedTableViewCell.swift; sourceTree = "<group>"; };
		B76CBEE628693A31006B757E /* FeedTableViewCell.xib */ = {isa = PBXFileReference; lastKnownFileType = file.xib; path = FeedTableViewCell.xib; sourceTree = "<group>"; };
		B76CBEEC286956F8006B757E /* StoryCollectionViewCell.swift */ = {isa = PBXFileReference; lastKnownFileType = sourcecode.swift; path = StoryCollectionViewCell.swift; sourceTree = "<group>"; };
		B76CBEED286956F8006B757E /* StoryCollectionViewCell.xib */ = {isa = PBXFileReference; lastKnownFileType = file.xib; path = StoryCollectionViewCell.xib; sourceTree = "<group>"; };
		B7A7473B2860A75700120FB1 /* instagramClone.app */ = {isa = PBXFileReference; explicitFileType = wrapper.application; includeInIndex = 0; path = instagramClone.app; sourceTree = BUILT_PRODUCTS_DIR; };
		B7A7473E2860A75700120FB1 /* AppDelegate.swift */ = {isa = PBXFileReference; lastKnownFileType = sourcecode.swift; path = AppDelegate.swift; sourceTree = "<group>"; };
		B7A747402860A75700120FB1 /* SceneDelegate.swift */ = {isa = PBXFileReference; lastKnownFileType = sourcecode.swift; path = SceneDelegate.swift; sourceTree = "<group>"; };
		B7A747452860A75700120FB1 /* Base */ = {isa = PBXFileReference; lastKnownFileType = file.storyboard; name = Base; path = Base.lproj/Main.storyboard; sourceTree = "<group>"; };
		B7A747472860A75800120FB1 /* Assets.xcassets */ = {isa = PBXFileReference; lastKnownFileType = folder.assetcatalog; path = Assets.xcassets; sourceTree = "<group>"; };
		B7A7474A2860A75800120FB1 /* Base */ = {isa = PBXFileReference; lastKnownFileType = file.storyboard; name = Base; path = Base.lproj/LaunchScreen.storyboard; sourceTree = "<group>"; };
		B7A7474C2860A75800120FB1 /* Info.plist */ = {isa = PBXFileReference; lastKnownFileType = text.plist.xml; path = Info.plist; sourceTree = "<group>"; };
		B7A747512860A75800120FB1 /* instagramCloneTests.xctest */ = {isa = PBXFileReference; explicitFileType = wrapper.cfbundle; includeInIndex = 0; path = instagramCloneTests.xctest; sourceTree = BUILT_PRODUCTS_DIR; };
		B7A747552860A75800120FB1 /* instagramCloneTests.swift */ = {isa = PBXFileReference; lastKnownFileType = sourcecode.swift; path = instagramCloneTests.swift; sourceTree = "<group>"; };
		B7A7475B2860A75800120FB1 /* instagramCloneUITests.xctest */ = {isa = PBXFileReference; explicitFileType = wrapper.cfbundle; includeInIndex = 0; path = instagramCloneUITests.xctest; sourceTree = BUILT_PRODUCTS_DIR; };
		B7A7475F2860A75800120FB1 /* instagramCloneUITests.swift */ = {isa = PBXFileReference; lastKnownFileType = sourcecode.swift; path = instagramCloneUITests.swift; sourceTree = "<group>"; };
		B7A747612860A75800120FB1 /* instagramCloneUITestsLaunchTests.swift */ = {isa = PBXFileReference; lastKnownFileType = sourcecode.swift; path = instagramCloneUITestsLaunchTests.swift; sourceTree = "<group>"; };
		B7A747712860B84E00120FB1 /* EnterIdViewController.swift */ = {isa = PBXFileReference; lastKnownFileType = sourcecode.swift; path = EnterIdViewController.swift; sourceTree = "<group>"; };
		B7A747732860B85A00120FB1 /* EnterPwViewController.swift */ = {isa = PBXFileReference; lastKnownFileType = sourcecode.swift; path = EnterPwViewController.swift; sourceTree = "<group>"; };
		B7A747752860B87100120FB1 /* EnterPhoneOrEmailViewController.swift */ = {isa = PBXFileReference; lastKnownFileType = sourcecode.swift; path = EnterPhoneOrEmailViewController.swift; sourceTree = "<group>"; };
		B7A747792860B98A00120FB1 /* LoginViewController.swift */ = {isa = PBXFileReference; lastKnownFileType = sourcecode.swift; path = LoginViewController.swift; sourceTree = "<group>"; };
		B7B859B62861FAE200A01AE1 /* String+Validate.swift */ = {isa = PBXFileReference; lastKnownFileType = sourcecode.swift; path = "String+Validate.swift"; sourceTree = "<group>"; };
		B7B859B82862177600A01AE1 /* Helper.swift */ = {isa = PBXFileReference; lastKnownFileType = sourcecode.swift; path = Helper.swift; sourceTree = "<group>"; };
		B7BF21FB2868AA2900BAD397 /* FeedService.swift */ = {isa = PBXFileReference; lastKnownFileType = sourcecode.swift; path = FeedService.swift; sourceTree = "<group>"; };
		B7BF21FD2868AC5000BAD397 /* FeedInput.swift */ = {isa = PBXFileReference; lastKnownFileType = sourcecode.swift; path = FeedInput.swift; sourceTree = "<group>"; };
		B7BF21FF2868AC5700BAD397 /* Feed.swift */ = {isa = PBXFileReference; lastKnownFileType = sourcecode.swift; path = Feed.swift; sourceTree = "<group>"; };
		B7EA91DC28699CD900717A06 /* ProfileCollectionViewCell.swift */ = {isa = PBXFileReference; lastKnownFileType = sourcecode.swift; path = ProfileCollectionViewCell.swift; sourceTree = "<group>"; };
		B7EA91DD28699CD900717A06 /* ProfileCollectionViewCell.xib */ = {isa = PBXFileReference; lastKnownFileType = file.xib; path = ProfileCollectionViewCell.xib; sourceTree = "<group>"; };
		B7EA91E128699CF700717A06 /* ProfileCollectionReusableView.swift */ = {isa = PBXFileReference; lastKnownFileType = sourcecode.swift; path = ProfileCollectionReusableView.swift; sourceTree = "<group>"; };
		B7EA91E228699CF700717A06 /* ProfileCollectionReusableView.xib */ = {isa = PBXFileReference; lastKnownFileType = file.xib; path = ProfileCollectionReusableView.xib; sourceTree = "<group>"; };
/* End PBXFileReference section */

/* Begin PBXFrameworksBuildPhase section */
		B7A747382860A75700120FB1 /* Frameworks */ = {
			isa = PBXFrameworksBuildPhase;
			buildActionMask = 2147483647;
			files = (
				B76CBEEB286950E6006B757E /* Kingfisher in Frameworks */,
				B7BF21F92868A7E500BAD397 /* Alamofire in Frameworks */,
			);
			runOnlyForDeploymentPostprocessing = 0;
		};
		B7A7474E2860A75800120FB1 /* Frameworks */ = {
			isa = PBXFrameworksBuildPhase;
			buildActionMask = 2147483647;
			files = (
			);
			runOnlyForDeploymentPostprocessing = 0;
		};
		B7A747582860A75800120FB1 /* Frameworks */ = {
			isa = PBXFrameworksBuildPhase;
			buildActionMask = 2147483647;
			files = (
			);
			runOnlyForDeploymentPostprocessing = 0;
		};
/* End PBXFrameworksBuildPhase section */

/* Begin PBXGroup section */
		B76CBED0286546B8006B757E /* Models */ = {
			isa = PBXGroup;
			children = (
				B76CBED1286546FB006B757E /* User.swift */,
				B7BF21FF2868AC5700BAD397 /* Feed.swift */,
			);
			path = Models;
			sourceTree = "<group>";
		};
		B76CBED528658B4D006B757E /* Feed */ = {
			isa = PBXGroup;
			children = (
				B7BF21FA2868A8C600BAD397 /* Service */,
				B76CBEDE286939F9006B757E /* Cells */,
				B76CBED828658B87006B757E /* FeedViewController.swift */,
			);
			path = Feed;
			sourceTree = "<group>";
		};
		B76CBED628658B5D006B757E /* Shop */ = {
			isa = PBXGroup;
			children = (
				B76CBEDA28658B8E006B757E /* ShopViewController.swift */,
			);
			path = Shop;
			sourceTree = "<group>";
		};
		B76CBED728658B61006B757E /* Profile */ = {
			isa = PBXGroup;
			children = (
				B7EA91D928699CB700717A06 /* Cells */,
				B76CBEDC28658B95006B757E /* ProfileViewController.swift */,
			);
			path = Profile;
			sourceTree = "<group>";
		};
		B76CBEDE286939F9006B757E /* Cells */ = {
			isa = PBXGroup;
			children = (
				B76CBEE428693A23006B757E /* Feed */,
				B76CBEE328693A19006B757E /* Story */,
			);
			path = Cells;
			sourceTree = "<group>";
		};
		B76CBEE328693A19006B757E /* Story */ = {
			isa = PBXGroup;
			children = (
				B76CBEDF28693A15006B757E /* StoryTableViewCell.swift */,
				B76CBEE028693A15006B757E /* StoryTableViewCell.xib */,
				B76CBEEC286956F8006B757E /* StoryCollectionViewCell.swift */,
				B76CBEED286956F8006B757E /* StoryCollectionViewCell.xib */,
			);
			path = Story;
			sourceTree = "<group>";
		};
		B76CBEE428693A23006B757E /* Feed */ = {
			isa = PBXGroup;
			children = (
				B76CBEE528693A31006B757E /* FeedTableViewCell.swift */,
				B76CBEE628693A31006B757E /* FeedTableViewCell.xib */,
			);
			path = Feed;
			sourceTree = "<group>";
		};
		B7A747322860A75700120FB1 = {
			isa = PBXGroup;
			children = (
				B7A7473D2860A75700120FB1 /* instagramClone */,
				B7A747542860A75800120FB1 /* instagramCloneTests */,
				B7A7475E2860A75800120FB1 /* instagramCloneUITests */,
				B7A7473C2860A75700120FB1 /* Products */,
			);
			sourceTree = "<group>";
		};
		B7A7473C2860A75700120FB1 /* Products */ = {
			isa = PBXGroup;
			children = (
				B7A7473B2860A75700120FB1 /* instagramClone.app */,
				B7A747512860A75800120FB1 /* instagramCloneTests.xctest */,
				B7A7475B2860A75800120FB1 /* instagramCloneUITests.xctest */,
			);
			name = Products;
			sourceTree = "<group>";
		};
		B7A7473D2860A75700120FB1 /* instagramClone */ = {
			isa = PBXGroup;
			children = (
				B76CBED0286546B8006B757E /* Models */,
				B7B859B52861F66F00A01AE1 /* Helpers */,
				B7A7476E2860A82D00120FB1 /* App */,
				B7A747702860A84900120FB1 /* ViewControllers */,
				B7A7476F2860A83700120FB1 /* Storyboards */,
				B7A747472860A75800120FB1 /* Assets.xcassets */,
				B7A7474C2860A75800120FB1 /* Info.plist */,
			);
			path = instagramClone;
			sourceTree = "<group>";
		};
		B7A747542860A75800120FB1 /* instagramCloneTests */ = {
			isa = PBXGroup;
			children = (
				B7A747552860A75800120FB1 /* instagramCloneTests.swift */,
			);
			path = instagramCloneTests;
			sourceTree = "<group>";
		};
		B7A7475E2860A75800120FB1 /* instagramCloneUITests */ = {
			isa = PBXGroup;
			children = (
				B7A7475F2860A75800120FB1 /* instagramCloneUITests.swift */,
				B7A747612860A75800120FB1 /* instagramCloneUITestsLaunchTests.swift */,
			);
			path = instagramCloneUITests;
			sourceTree = "<group>";
		};
		B7A7476E2860A82D00120FB1 /* App */ = {
			isa = PBXGroup;
			children = (
				B7A7473E2860A75700120FB1 /* AppDelegate.swift */,
				B7A747402860A75700120FB1 /* SceneDelegate.swift */,
			);
			path = App;
			sourceTree = "<group>";
		};
		B7A7476F2860A83700120FB1 /* Storyboards */ = {
			isa = PBXGroup;
			children = (
				B7A747442860A75700120FB1 /* Main.storyboard */,
				B7A747492860A75800120FB1 /* LaunchScreen.storyboard */,
			);
			path = Storyboards;
			sourceTree = "<group>";
		};
		B7A747702860A84900120FB1 /* ViewControllers */ = {
			isa = PBXGroup;
			children = (
				B7A747772860B87700120FB1 /* Login */,
				B7A747782860B87E00120FB1 /* Register */,
				B76CBED528658B4D006B757E /* Feed */,
				B76CBED628658B5D006B757E /* Shop */,
				B76CBED728658B61006B757E /* Profile */,
				B76CBED3286589F8006B757E /* TabBarController.swift */,
			);
			path = ViewControllers;
			sourceTree = "<group>";
		};
		B7A747772860B87700120FB1 /* Login */ = {
			isa = PBXGroup;
			children = (
				B7A747792860B98A00120FB1 /* LoginViewController.swift */,
			);
			path = Login;
			sourceTree = "<group>";
		};
		B7A747782860B87E00120FB1 /* Register */ = {
			isa = PBXGroup;
			children = (
				B7A747712860B84E00120FB1 /* EnterIdViewController.swift */,
				B7A747732860B85A00120FB1 /* EnterPwViewController.swift */,
				B7A747752860B87100120FB1 /* EnterPhoneOrEmailViewController.swift */,
			);
			path = Register;
			sourceTree = "<group>";
		};
		B7B859B52861F66F00A01AE1 /* Helpers */ = {
			isa = PBXGroup;
			children = (
				B7B859B62861FAE200A01AE1 /* String+Validate.swift */,
				B7B859B82862177600A01AE1 /* Helper.swift */,
			);
			path = Helpers;
			sourceTree = "<group>";
		};
		B7BF21FA2868A8C600BAD397 /* Service */ = {
			isa = PBXGroup;
			children = (
				B7BF21FB2868AA2900BAD397 /* FeedService.swift */,
				B7BF21FD2868AC5000BAD397 /* FeedInput.swift */,
			);
			path = Service;
			sourceTree = "<group>";
		};
		B7EA91D928699CB700717A06 /* Cells */ = {
			isa = PBXGroup;
			children = (
				B7EA91DC28699CD900717A06 /* ProfileCollectionViewCell.swift */,
				B7EA91DD28699CD900717A06 /* ProfileCollectionViewCell.xib */,
				B7EA91E128699CF700717A06 /* ProfileCollectionReusableView.swift */,
				B7EA91E228699CF700717A06 /* ProfileCollectionReusableView.xib */,
			);
			path = Cells;
			sourceTree = "<group>";
		};
/* End PBXGroup section */

/* Begin PBXNativeTarget section */
		B7A7473A2860A75700120FB1 /* instagramClone */ = {
			isa = PBXNativeTarget;
			buildConfigurationList = B7A747652860A75800120FB1 /* Build configuration list for PBXNativeTarget "instagramClone" */;
			buildPhases = (
				B7A747372860A75700120FB1 /* Sources */,
				B7A747382860A75700120FB1 /* Frameworks */,
				B7A747392860A75700120FB1 /* Resources */,
			);
			buildRules = (
			);
			dependencies = (
			);
			name = instagramClone;
			packageProductDependencies = (
				B7BF21F82868A7E500BAD397 /* Alamofire */,
				B76CBEEA286950E6006B757E /* Kingfisher */,
			);
			productName = instagramClone;
			productReference = B7A7473B2860A75700120FB1 /* instagramClone.app */;
			productType = "com.apple.product-type.application";
		};
		B7A747502860A75800120FB1 /* instagramCloneTests */ = {
			isa = PBXNativeTarget;
			buildConfigurationList = B7A747682860A75800120FB1 /* Build configuration list for PBXNativeTarget "instagramCloneTests" */;
			buildPhases = (
				B7A7474D2860A75800120FB1 /* Sources */,
				B7A7474E2860A75800120FB1 /* Frameworks */,
				B7A7474F2860A75800120FB1 /* Resources */,
			);
			buildRules = (
			);
			dependencies = (
				B7A747532860A75800120FB1 /* PBXTargetDependency */,
			);
			name = instagramCloneTests;
			productName = instagramCloneTests;
			productReference = B7A747512860A75800120FB1 /* instagramCloneTests.xctest */;
			productType = "com.apple.product-type.bundle.unit-test";
		};
		B7A7475A2860A75800120FB1 /* instagramCloneUITests */ = {
			isa = PBXNativeTarget;
			buildConfigurationList = B7A7476B2860A75800120FB1 /* Build configuration list for PBXNativeTarget "instagramCloneUITests" */;
			buildPhases = (
				B7A747572860A75800120FB1 /* Sources */,
				B7A747582860A75800120FB1 /* Frameworks */,
				B7A747592860A75800120FB1 /* Resources */,
			);
			buildRules = (
			);
			dependencies = (
				B7A7475D2860A75800120FB1 /* PBXTargetDependency */,
			);
			name = instagramCloneUITests;
			productName = instagramCloneUITests;
			productReference = B7A7475B2860A75800120FB1 /* instagramCloneUITests.xctest */;
			productType = "com.apple.product-type.bundle.ui-testing";
		};
/* End PBXNativeTarget section */

/* Begin PBXProject section */
		B7A747332860A75700120FB1 /* Project object */ = {
			isa = PBXProject;
			attributes = {
				BuildIndependentTargetsInParallel = 1;
				LastSwiftUpdateCheck = 1320;
				LastUpgradeCheck = 1320;
				TargetAttributes = {
					B7A7473A2860A75700120FB1 = {
						CreatedOnToolsVersion = 13.2.1;
					};
					B7A747502860A75800120FB1 = {
						CreatedOnToolsVersion = 13.2.1;
						TestTargetID = B7A7473A2860A75700120FB1;
					};
					B7A7475A2860A75800120FB1 = {
						CreatedOnToolsVersion = 13.2.1;
						TestTargetID = B7A7473A2860A75700120FB1;
					};
				};
			};
			buildConfigurationList = B7A747362860A75700120FB1 /* Build configuration list for PBXProject "instagramClone" */;
			compatibilityVersion = "Xcode 13.0";
			developmentRegion = en;
			hasScannedForEncodings = 0;
			knownRegions = (
				en,
				Base,
			);
			mainGroup = B7A747322860A75700120FB1;
			packageReferences = (
				B7BF21F72868A7E500BAD397 /* XCRemoteSwiftPackageReference "Alamofire" */,
				B76CBEE9286950E6006B757E /* XCRemoteSwiftPackageReference "Kingfisher" */,
			);
			productRefGroup = B7A7473C2860A75700120FB1 /* Products */;
			projectDirPath = "";
			projectRoot = "";
			targets = (
				B7A7473A2860A75700120FB1 /* instagramClone */,
				B7A747502860A75800120FB1 /* instagramCloneTests */,
				B7A7475A2860A75800120FB1 /* instagramCloneUITests */,
			);
		};
/* End PBXProject section */

/* Begin PBXResourcesBuildPhase section */
		B7A747392860A75700120FB1 /* Resources */ = {
			isa = PBXResourcesBuildPhase;
			buildActionMask = 2147483647;
			files = (
				B7A7474B2860A75800120FB1 /* LaunchScreen.storyboard in Resources */,
				B76CBEE828693A31006B757E /* FeedTableViewCell.xib in Resources */,
				B7A747482860A75800120FB1 /* Assets.xcassets in Resources */,
				B7EA91DF28699CD900717A06 /* ProfileCollectionViewCell.xib in Resources */,
				B7A747462860A75700120FB1 /* Main.storyboard in Resources */,
				B76CBEEF286956F8006B757E /* StoryCollectionViewCell.xib in Resources */,
				B76CBEE228693A15006B757E /* StoryTableViewCell.xib in Resources */,
				B7EA91E428699CF700717A06 /* ProfileCollectionReusableView.xib in Resources */,
			);
			runOnlyForDeploymentPostprocessing = 0;
		};
		B7A7474F2860A75800120FB1 /* Resources */ = {
			isa = PBXResourcesBuildPhase;
			buildActionMask = 2147483647;
			files = (
			);
			runOnlyForDeploymentPostprocessing = 0;
		};
		B7A747592860A75800120FB1 /* Resources */ = {
			isa = PBXResourcesBuildPhase;
			buildActionMask = 2147483647;
			files = (
			);
			runOnlyForDeploymentPostprocessing = 0;
		};
/* End PBXResourcesBuildPhase section */

/* Begin PBXSourcesBuildPhase section */
		B7A747372860A75700120FB1 /* Sources */ = {
			isa = PBXSourcesBuildPhase;
			buildActionMask = 2147483647;
			files = (
				B7A7477A2860B98A00120FB1 /* LoginViewController.swift in Sources */,
				B7BF21FC2868AA2900BAD397 /* FeedService.swift in Sources */,
				B7EA91E328699CF700717A06 /* ProfileCollectionReusableView.swift in Sources */,
				B7A747722860B84E00120FB1 /* EnterIdViewController.swift in Sources */,
				B7A7473F2860A75700120FB1 /* AppDelegate.swift in Sources */,
				B76CBED4286589F8006B757E /* TabBarController.swift in Sources */,
				B7A747742860B85A00120FB1 /* EnterPwViewController.swift in Sources */,
				B76CBEEE286956F8006B757E /* StoryCollectionViewCell.swift in Sources */,
				B7B859B72861FAE200A01AE1 /* String+Validate.swift in Sources */,
				B76CBEE728693A31006B757E /* FeedTableViewCell.swift in Sources */,
				B76CBED2286546FB006B757E /* User.swift in Sources */,
				B76CBED928658B87006B757E /* FeedViewController.swift in Sources */,
				B7BF22002868AC5700BAD397 /* Feed.swift in Sources */,
				B76CBEDB28658B8E006B757E /* ShopViewController.swift in Sources */,
				B7BF21FE2868AC5000BAD397 /* FeedInput.swift in Sources */,
				B7EA91DE28699CD900717A06 /* ProfileCollectionViewCell.swift in Sources */,
				B7A747762860B87100120FB1 /* EnterPhoneOrEmailViewController.swift in Sources */,
				B76CBEDD28658B95006B757E /* ProfileViewController.swift in Sources */,
				B76CBEE128693A15006B757E /* StoryTableViewCell.swift in Sources */,
				B7A747412860A75700120FB1 /* SceneDelegate.swift in Sources */,
				B7B859B92862177600A01AE1 /* Helper.swift in Sources */,
			);
			runOnlyForDeploymentPostprocessing = 0;
		};
		B7A7474D2860A75800120FB1 /* Sources */ = {
			isa = PBXSourcesBuildPhase;
			buildActionMask = 2147483647;
			files = (
				B7A747562860A75800120FB1 /* instagramCloneTests.swift in Sources */,
			);
			runOnlyForDeploymentPostprocessing = 0;
		};
		B7A747572860A75800120FB1 /* Sources */ = {
			isa = PBXSourcesBuildPhase;
			buildActionMask = 2147483647;
			files = (
				B7A747602860A75800120FB1 /* instagramCloneUITests.swift in Sources */,
				B7A747622860A75800120FB1 /* instagramCloneUITestsLaunchTests.swift in Sources */,
			);
			runOnlyForDeploymentPostprocessing = 0;
		};
/* End PBXSourcesBuildPhase section */

/* Begin PBXTargetDependency section */
		B7A747532860A75800120FB1 /* PBXTargetDependency */ = {
			isa = PBXTargetDependency;
			target = B7A7473A2860A75700120FB1 /* instagramClone */;
			targetProxy = B7A747522860A75800120FB1 /* PBXContainerItemProxy */;
		};
		B7A7475D2860A75800120FB1 /* PBXTargetDependency */ = {
			isa = PBXTargetDependency;
			target = B7A7473A2860A75700120FB1 /* instagramClone */;
			targetProxy = B7A7475C2860A75800120FB1 /* PBXContainerItemProxy */;
		};
/* End PBXTargetDependency section */

/* Begin PBXVariantGroup section */
		B7A747442860A75700120FB1 /* Main.storyboard */ = {
			isa = PBXVariantGroup;
			children = (
				B7A747452860A75700120FB1 /* Base */,
			);
			name = Main.storyboard;
			sourceTree = "<group>";
		};
		B7A747492860A75800120FB1 /* LaunchScreen.storyboard */ = {
			isa = PBXVariantGroup;
			children = (
				B7A7474A2860A75800120FB1 /* Base */,
			);
			name = LaunchScreen.storyboard;
			sourceTree = "<group>";
		};
/* End PBXVariantGroup section */

/* Begin XCBuildConfiguration section */
		B7A747632860A75800120FB1 /* Debug */ = {
			isa = XCBuildConfiguration;
			buildSettings = {
				ALWAYS_SEARCH_USER_PATHS = NO;
				CLANG_ANALYZER_NONNULL = YES;
				CLANG_ANALYZER_NUMBER_OBJECT_CONVERSION = YES_AGGRESSIVE;
				CLANG_CXX_LANGUAGE_STANDARD = "gnu++17";
				CLANG_CXX_LIBRARY = "libc++";
				CLANG_ENABLE_MODULES = YES;
				CLANG_ENABLE_OBJC_ARC = YES;
				CLANG_ENABLE_OBJC_WEAK = YES;
				CLANG_WARN_BLOCK_CAPTURE_AUTORELEASING = YES;
				CLANG_WARN_BOOL_CONVERSION = YES;
				CLANG_WARN_COMMA = YES;
				CLANG_WARN_CONSTANT_CONVERSION = YES;
				CLANG_WARN_DEPRECATED_OBJC_IMPLEMENTATIONS = YES;
				CLANG_WARN_DIRECT_OBJC_ISA_USAGE = YES_ERROR;
				CLANG_WARN_DOCUMENTATION_COMMENTS = YES;
				CLANG_WARN_EMPTY_BODY = YES;
				CLANG_WARN_ENUM_CONVERSION = YES;
				CLANG_WARN_INFINITE_RECURSION = YES;
				CLANG_WARN_INT_CONVERSION = YES;
				CLANG_WARN_NON_LITERAL_NULL_CONVERSION = YES;
				CLANG_WARN_OBJC_IMPLICIT_RETAIN_SELF = YES;
				CLANG_WARN_OBJC_LITERAL_CONVERSION = YES;
				CLANG_WARN_OBJC_ROOT_CLASS = YES_ERROR;
				CLANG_WARN_QUOTED_INCLUDE_IN_FRAMEWORK_HEADER = YES;
				CLANG_WARN_RANGE_LOOP_ANALYSIS = YES;
				CLANG_WARN_STRICT_PROTOTYPES = YES;
				CLANG_WARN_SUSPICIOUS_MOVE = YES;
				CLANG_WARN_UNGUARDED_AVAILABILITY = YES_AGGRESSIVE;
				CLANG_WARN_UNREACHABLE_CODE = YES;
				CLANG_WARN__DUPLICATE_METHOD_MATCH = YES;
				COPY_PHASE_STRIP = NO;
				DEBUG_INFORMATION_FORMAT = dwarf;
				ENABLE_STRICT_OBJC_MSGSEND = YES;
				ENABLE_TESTABILITY = YES;
				GCC_C_LANGUAGE_STANDARD = gnu11;
				GCC_DYNAMIC_NO_PIC = NO;
				GCC_NO_COMMON_BLOCKS = YES;
				GCC_OPTIMIZATION_LEVEL = 0;
				GCC_PREPROCESSOR_DEFINITIONS = (
					"DEBUG=1",
					"$(inherited)",
				);
				GCC_WARN_64_TO_32_BIT_CONVERSION = YES;
				GCC_WARN_ABOUT_RETURN_TYPE = YES_ERROR;
				GCC_WARN_UNDECLARED_SELECTOR = YES;
				GCC_WARN_UNINITIALIZED_AUTOS = YES_AGGRESSIVE;
				GCC_WARN_UNUSED_FUNCTION = YES;
				GCC_WARN_UNUSED_VARIABLE = YES;
				IPHONEOS_DEPLOYMENT_TARGET = 15.2;
				MTL_ENABLE_DEBUG_INFO = INCLUDE_SOURCE;
				MTL_FAST_MATH = YES;
				ONLY_ACTIVE_ARCH = YES;
				SDKROOT = iphoneos;
				SWIFT_ACTIVE_COMPILATION_CONDITIONS = DEBUG;
				SWIFT_OPTIMIZATION_LEVEL = "-Onone";
			};
			name = Debug;
		};
		B7A747642860A75800120FB1 /* Release */ = {
			isa = XCBuildConfiguration;
			buildSettings = {
				ALWAYS_SEARCH_USER_PATHS = NO;
				CLANG_ANALYZER_NONNULL = YES;
				CLANG_ANALYZER_NUMBER_OBJECT_CONVERSION = YES_AGGRESSIVE;
				CLANG_CXX_LANGUAGE_STANDARD = "gnu++17";
				CLANG_CXX_LIBRARY = "libc++";
				CLANG_ENABLE_MODULES = YES;
				CLANG_ENABLE_OBJC_ARC = YES;
				CLANG_ENABLE_OBJC_WEAK = YES;
				CLANG_WARN_BLOCK_CAPTURE_AUTORELEASING = YES;
				CLANG_WARN_BOOL_CONVERSION = YES;
				CLANG_WARN_COMMA = YES;
				CLANG_WARN_CONSTANT_CONVERSION = YES;
				CLANG_WARN_DEPRECATED_OBJC_IMPLEMENTATIONS = YES;
				CLANG_WARN_DIRECT_OBJC_ISA_USAGE = YES_ERROR;
				CLANG_WARN_DOCUMENTATION_COMMENTS = YES;
				CLANG_WARN_EMPTY_BODY = YES;
				CLANG_WARN_ENUM_CONVERSION = YES;
				CLANG_WARN_INFINITE_RECURSION = YES;
				CLANG_WARN_INT_CONVERSION = YES;
				CLANG_WARN_NON_LITERAL_NULL_CONVERSION = YES;
				CLANG_WARN_OBJC_IMPLICIT_RETAIN_SELF = YES;
				CLANG_WARN_OBJC_LITERAL_CONVERSION = YES;
				CLANG_WARN_OBJC_ROOT_CLASS = YES_ERROR;
				CLANG_WARN_QUOTED_INCLUDE_IN_FRAMEWORK_HEADER = YES;
				CLANG_WARN_RANGE_LOOP_ANALYSIS = YES;
				CLANG_WARN_STRICT_PROTOTYPES = YES;
				CLANG_WARN_SUSPICIOUS_MOVE = YES;
				CLANG_WARN_UNGUARDED_AVAILABILITY = YES_AGGRESSIVE;
				CLANG_WARN_UNREACHABLE_CODE = YES;
				CLANG_WARN__DUPLICATE_METHOD_MATCH = YES;
				COPY_PHASE_STRIP = NO;
				DEBUG_INFORMATION_FORMAT = "dwarf-with-dsym";
				ENABLE_NS_ASSERTIONS = NO;
				ENABLE_STRICT_OBJC_MSGSEND = YES;
				GCC_C_LANGUAGE_STANDARD = gnu11;
				GCC_NO_COMMON_BLOCKS = YES;
				GCC_WARN_64_TO_32_BIT_CONVERSION = YES;
				GCC_WARN_ABOUT_RETURN_TYPE = YES_ERROR;
				GCC_WARN_UNDECLARED_SELECTOR = YES;
				GCC_WARN_UNINITIALIZED_AUTOS = YES_AGGRESSIVE;
				GCC_WARN_UNUSED_FUNCTION = YES;
				GCC_WARN_UNUSED_VARIABLE = YES;
				IPHONEOS_DEPLOYMENT_TARGET = 15.2;
				MTL_ENABLE_DEBUG_INFO = NO;
				MTL_FAST_MATH = YES;
				SDKROOT = iphoneos;
				SWIFT_COMPILATION_MODE = wholemodule;
				SWIFT_OPTIMIZATION_LEVEL = "-O";
				VALIDATE_PRODUCT = YES;
			};
			name = Release;
		};
		B7A747662860A75800120FB1 /* Debug */ = {
			isa = XCBuildConfiguration;
			buildSettings = {
				ASSETCATALOG_COMPILER_APPICON_NAME = AppIcon;
				ASSETCATALOG_COMPILER_GLOBAL_ACCENT_COLOR_NAME = AccentColor;
				CODE_SIGN_STYLE = Automatic;
				CURRENT_PROJECT_VERSION = 1;
				GENERATE_INFOPLIST_FILE = YES;
				INFOPLIST_FILE = instagramClone/Info.plist;
				INFOPLIST_KEY_UIApplicationSupportsIndirectInputEvents = YES;
				INFOPLIST_KEY_UILaunchStoryboardName = LaunchScreen;
				INFOPLIST_KEY_UIMainStoryboardFile = Main;
				INFOPLIST_KEY_UISupportedInterfaceOrientations = UIInterfaceOrientationPortrait;
				INFOPLIST_KEY_UISupportedInterfaceOrientations_iPad = "UIInterfaceOrientationPortrait UIInterfaceOrientationPortraitUpsideDown UIInterfaceOrientationLandscapeLeft UIInterfaceOrientationLandscapeRight";
				INFOPLIST_KEY_UISupportedInterfaceOrientations_iPhone = "UIInterfaceOrientationPortrait UIInterfaceOrientationLandscapeLeft UIInterfaceOrientationLandscapeRight";
				LD_RUNPATH_SEARCH_PATHS = (
					"$(inherited)",
					"@executable_path/Frameworks",
				);
				MARKETING_VERSION = 1.0;
				PRODUCT_BUNDLE_IDENTIFIER = com.phw.instagramClone;
				PRODUCT_NAME = "$(TARGET_NAME)";
				SWIFT_EMIT_LOC_STRINGS = YES;
				SWIFT_VERSION = 5.0;
				TARGETED_DEVICE_FAMILY = "1,2";
			};
			name = Debug;
		};
		B7A747672860A75800120FB1 /* Release */ = {
			isa = XCBuildConfiguration;
			buildSettings = {
				ASSETCATALOG_COMPILER_APPICON_NAME = AppIcon;
				ASSETCATALOG_COMPILER_GLOBAL_ACCENT_COLOR_NAME = AccentColor;
				CODE_SIGN_STYLE = Automatic;
				CURRENT_PROJECT_VERSION = 1;
				GENERATE_INFOPLIST_FILE = YES;
				INFOPLIST_FILE = instagramClone/Info.plist;
				INFOPLIST_KEY_UIApplicationSupportsIndirectInputEvents = YES;
				INFOPLIST_KEY_UILaunchStoryboardName = LaunchScreen;
				INFOPLIST_KEY_UIMainStoryboardFile = Main;
				INFOPLIST_KEY_UISupportedInterfaceOrientations = UIInterfaceOrientationPortrait;
				INFOPLIST_KEY_UISupportedInterfaceOrientations_iPad = "UIInterfaceOrientationPortrait UIInterfaceOrientationPortraitUpsideDown UIInterfaceOrientationLandscapeLeft UIInterfaceOrientationLandscapeRight";
				INFOPLIST_KEY_UISupportedInterfaceOrientations_iPhone = "UIInterfaceOrientationPortrait UIInterfaceOrientationLandscapeLeft UIInterfaceOrientationLandscapeRight";
				LD_RUNPATH_SEARCH_PATHS = (
					"$(inherited)",
					"@executable_path/Frameworks",
				);
				MARKETING_VERSION = 1.0;
				PRODUCT_BUNDLE_IDENTIFIER = com.phw.instagramClone;
				PRODUCT_NAME = "$(TARGET_NAME)";
				SWIFT_EMIT_LOC_STRINGS = YES;
				SWIFT_VERSION = 5.0;
				TARGETED_DEVICE_FAMILY = "1,2";
			};
			name = Release;
		};
		B7A747692860A75800120FB1 /* Debug */ = {
			isa = XCBuildConfiguration;
			buildSettings = {
				ALWAYS_EMBED_SWIFT_STANDARD_LIBRARIES = YES;
				BUNDLE_LOADER = "$(TEST_HOST)";
				CODE_SIGN_STYLE = Automatic;
				CURRENT_PROJECT_VERSION = 1;
				GENERATE_INFOPLIST_FILE = YES;
				IPHONEOS_DEPLOYMENT_TARGET = 15.2;
				MARKETING_VERSION = 1.0;
				PRODUCT_BUNDLE_IDENTIFIER = com.phw.instagramCloneTests;
				PRODUCT_NAME = "$(TARGET_NAME)";
				SWIFT_EMIT_LOC_STRINGS = NO;
				SWIFT_VERSION = 5.0;
				TARGETED_DEVICE_FAMILY = "1,2";
				TEST_HOST = "$(BUILT_PRODUCTS_DIR)/instagramClone.app/instagramClone";
			};
			name = Debug;
		};
		B7A7476A2860A75800120FB1 /* Release */ = {
			isa = XCBuildConfiguration;
			buildSettings = {
				ALWAYS_EMBED_SWIFT_STANDARD_LIBRARIES = YES;
				BUNDLE_LOADER = "$(TEST_HOST)";
				CODE_SIGN_STYLE = Automatic;
				CURRENT_PROJECT_VERSION = 1;
				GENERATE_INFOPLIST_FILE = YES;
				IPHONEOS_DEPLOYMENT_TARGET = 15.2;
				MARKETING_VERSION = 1.0;
				PRODUCT_BUNDLE_IDENTIFIER = com.phw.instagramCloneTests;
				PRODUCT_NAME = "$(TARGET_NAME)";
				SWIFT_EMIT_LOC_STRINGS = NO;
				SWIFT_VERSION = 5.0;
				TARGETED_DEVICE_FAMILY = "1,2";
				TEST_HOST = "$(BUILT_PRODUCTS_DIR)/instagramClone.app/instagramClone";
			};
			name = Release;
		};
		B7A7476C2860A75800120FB1 /* Debug */ = {
			isa = XCBuildConfiguration;
			buildSettings = {
				ALWAYS_EMBED_SWIFT_STANDARD_LIBRARIES = YES;
				CODE_SIGN_STYLE = Automatic;
				CURRENT_PROJECT_VERSION = 1;
				GENERATE_INFOPLIST_FILE = YES;
				MARKETING_VERSION = 1.0;
				PRODUCT_BUNDLE_IDENTIFIER = com.phw.instagramCloneUITests;
				PRODUCT_NAME = "$(TARGET_NAME)";
				SWIFT_EMIT_LOC_STRINGS = NO;
				SWIFT_VERSION = 5.0;
				TARGETED_DEVICE_FAMILY = "1,2";
				TEST_TARGET_NAME = instagramClone;
			};
			name = Debug;
		};
		B7A7476D2860A75800120FB1 /* Release */ = {
			isa = XCBuildConfiguration;
			buildSettings = {
				ALWAYS_EMBED_SWIFT_STANDARD_LIBRARIES = YES;
				CODE_SIGN_STYLE = Automatic;
				CURRENT_PROJECT_VERSION = 1;
				GENERATE_INFOPLIST_FILE = YES;
				MARKETING_VERSION = 1.0;
				PRODUCT_BUNDLE_IDENTIFIER = com.phw.instagramCloneUITests;
				PRODUCT_NAME = "$(TARGET_NAME)";
				SWIFT_EMIT_LOC_STRINGS = NO;
				SWIFT_VERSION = 5.0;
				TARGETED_DEVICE_FAMILY = "1,2";
				TEST_TARGET_NAME = instagramClone;
			};
			name = Release;
		};
/* End XCBuildConfiguration section */

/* Begin XCConfigurationList section */
		B7A747362860A75700120FB1 /* Build configuration list for PBXProject "instagramClone" */ = {
			isa = XCConfigurationList;
			buildConfigurations = (
				B7A747632860A75800120FB1 /* Debug */,
				B7A747642860A75800120FB1 /* Release */,
			);
			defaultConfigurationIsVisible = 0;
			defaultConfigurationName = Release;
		};
		B7A747652860A75800120FB1 /* Build configuration list for PBXNativeTarget "instagramClone" */ = {
			isa = XCConfigurationList;
			buildConfigurations = (
				B7A747662860A75800120FB1 /* Debug */,
				B7A747672860A75800120FB1 /* Release */,
			);
			defaultConfigurationIsVisible = 0;
			defaultConfigurationName = Release;
		};
		B7A747682860A75800120FB1 /* Build configuration list for PBXNativeTarget "instagramCloneTests" */ = {
			isa = XCConfigurationList;
			buildConfigurations = (
				B7A747692860A75800120FB1 /* Debug */,
				B7A7476A2860A75800120FB1 /* Release */,
			);
			defaultConfigurationIsVisible = 0;
			defaultConfigurationName = Release;
		};
		B7A7476B2860A75800120FB1 /* Build configuration list for PBXNativeTarget "instagramCloneUITests" */ = {
			isa = XCConfigurationList;
			buildConfigurations = (
				B7A7476C2860A75800120FB1 /* Debug */,
				B7A7476D2860A75800120FB1 /* Release */,
			);
			defaultConfigurationIsVisible = 0;
			defaultConfigurationName = Release;
		};
/* End XCConfigurationList section */

/* Begin XCRemoteSwiftPackageReference section */
		B76CBEE9286950E6006B757E /* XCRemoteSwiftPackageReference "Kingfisher" */ = {
			isa = XCRemoteSwiftPackageReference;
			repositoryURL = "https://github.com/onevcat/Kingfisher";
			requirement = {
				kind = upToNextMajorVersion;
				minimumVersion = 7.0.0;
			};
		};
		B7BF21F72868A7E500BAD397 /* XCRemoteSwiftPackageReference "Alamofire" */ = {
			isa = XCRemoteSwiftPackageReference;
			repositoryURL = "https://github.com/Alamofire/Alamofire";
			requirement = {
				branch = master;
				kind = branch;
			};
		};
/* End XCRemoteSwiftPackageReference section */

/* Begin XCSwiftPackageProductDependency section */
		B76CBEEA286950E6006B757E /* Kingfisher */ = {
			isa = XCSwiftPackageProductDependency;
			package = B76CBEE9286950E6006B757E /* XCRemoteSwiftPackageReference "Kingfisher" */;
			productName = Kingfisher;
		};
		B7BF21F82868A7E500BAD397 /* Alamofire */ = {
			isa = XCSwiftPackageProductDependency;
			package = B7BF21F72868A7E500BAD397 /* XCRemoteSwiftPackageReference "Alamofire" */;
			productName = Alamofire;
		};
/* End XCSwiftPackageProductDependency section */
	};
	rootObject = B7A747332860A75700120FB1 /* Project object */;
}
